# THIS IS AN AUTOGENERATED FILE. DO NOT EDIT THIS FILE DIRECTLY.
# yarn lockfile v1


howler@^2.2.1:
  version "2.2.1"
  resolved "https://registry.yarnpkg.com/howler/-/howler-2.2.1.tgz#a521a9b495841e8bb9aa12e651bebba0affc179e"
  integrity sha512-0iIXvuBO/81CcrQ/HSSweYmbT50fT2mIc9XMFb+kxIfk2pW/iKzDbX1n3fZmDXMEIpYvyyfrB+gXwPYSDqUxIQ==
